
Microsoft Visual Studio Solution File, Format Version 12.00
# Visual Studio Version 16
VisualStudioVersion = 16.0.31112.23
MinimumVisualStudioVersion = 10.0.40219.1
Project("{FAE04EC0-301F-11D3-BF4B-00C04F79EFBC}") = "Base de Datos", "Base de Datos\Base de Datos.csproj", "{79564346-A139-4727-AB9D-258F9B0DA549}"
EndProject
Global
	GlobalSection(SolutionConfigurationPlatforms) = preSolution
		Debug|Any CPU = Debug|Any CPU
		Release|Any CPU = Release|Any CPU
	EndGlobalSection
	GlobalSection(ProjectConfigurationPlatforms) = postSolution
		{79564346-A139-4727-AB9D-258F9B0DA549}.Debug|Any CPU.ActiveCfg = Debug|Any CPU
		{79564346-A139-4727-AB9D-258F9B0DA549}.Debug|Any CPU.Build.0 = Debug|Any CPU
		{79564346-A139-4727-AB9D-258F9B0DA549}.Release|Any CPU.ActiveCfg = Release|Any CPU
		{79564346-A139-4727-AB9D-258F9B0DA549}.Release|Any CPU.Build.0 = Release|Any CPU
	EndGlobalSection
	GlobalSection(SolutionProperties) = preSolution
		HideSolutionNode = FALSE
	EndGlobalSection
	GlobalSection(ExtensibilityGlobals) = postSolution
		SolutionGuid = {232046E8-D8CA-47F4-97E7-6EBBBE2A7CDB}
	EndGlobalSection
EndGlobal
